
Microsoft Visual Studio Solution File, Format Version 12.00
# Visual Studio Version 17
VisualStudioVersion = 17.10.35013.160
MinimumVisualStudioVersion = 10.0.40219.1
Project("{9A19103F-16F7-4668-BE54-9A1E7A4F7556}") = "BacktestConsole", "BacktestConsole\BacktestConsole.csproj", "{349B3D04-8E91-4CE4-B616-272597922087}"
EndProject
Project("{9A19103F-16F7-4668-BE54-9A1E7A4F7556}") = "GrpcBacktestServer", "GrpcBacktestServer\GrpcBacktestServer.csproj", "{FD4BA411-8BCB-4903-823A-714214332269}"
EndProject
Project("{9A19103F-16F7-4668-BE54-9A1E7A4F7556}") = "HeadingCalculLibrary", "HeadingCalculLibrary\HeadingCalculLibrary.csproj", "{BB41CD50-FAB6-4395-A08D-E0E665759EA1}"
EndProject
Global
	GlobalSection(SolutionConfigurationPlatforms) = preSolution
		Debug|Any CPU = Debug|Any CPU
		Debug|x64 = Debug|x64
		Release|Any CPU = Release|Any CPU
		Release|x64 = Release|x64
	EndGlobalSection
	GlobalSection(ProjectConfigurationPlatforms) = postSolution
		{349B3D04-8E91-4CE4-B616-272597922087}.Debug|Any CPU.ActiveCfg = Debug|Any CPU
		{349B3D04-8E91-4CE4-B616-272597922087}.Debug|Any CPU.Build.0 = Debug|Any CPU
		{349B3D04-8E91-4CE4-B616-272597922087}.Debug|x64.ActiveCfg = Debug|x64
		{349B3D04-8E91-4CE4-B616-272597922087}.Debug|x64.Build.0 = Debug|x64
		{349B3D04-8E91-4CE4-B616-272597922087}.Release|Any CPU.ActiveCfg = Release|Any CPU
		{349B3D04-8E91-4CE4-B616-272597922087}.Release|Any CPU.Build.0 = Release|Any CPU
		{349B3D04-8E91-4CE4-B616-272597922087}.Release|x64.ActiveCfg = Release|x64
		{349B3D04-8E91-4CE4-B616-272597922087}.Release|x64.Build.0 = Release|x64
		{FD4BA411-8BCB-4903-823A-714214332269}.Debug|Any CPU.ActiveCfg = Debug|Any CPU
		{FD4BA411-8BCB-4903-823A-714214332269}.Debug|Any CPU.Build.0 = Debug|Any CPU
		{FD4BA411-8BCB-4903-823A-714214332269}.Debug|x64.ActiveCfg = Debug|Any CPU
		{FD4BA411-8BCB-4903-823A-714214332269}.Debug|x64.Build.0 = Debug|Any CPU
		{FD4BA411-8BCB-4903-823A-714214332269}.Release|Any CPU.ActiveCfg = Release|Any CPU
		{FD4BA411-8BCB-4903-823A-714214332269}.Release|Any CPU.Build.0 = Release|Any CPU
		{FD4BA411-8BCB-4903-823A-714214332269}.Release|x64.ActiveCfg = Release|Any CPU
		{FD4BA411-8BCB-4903-823A-714214332269}.Release|x64.Build.0 = Release|Any CPU
		{BB41CD50-FAB6-4395-A08D-E0E665759EA1}.Debug|Any CPU.ActiveCfg = Debug|Any CPU
		{BB41CD50-FAB6-4395-A08D-E0E665759EA1}.Debug|Any CPU.Build.0 = Debug|Any CPU
		{BB41CD50-FAB6-4395-A08D-E0E665759EA1}.Debug|x64.ActiveCfg = Debug|Any CPU
		{BB41CD50-FAB6-4395-A08D-E0E665759EA1}.Debug|x64.Build.0 = Debug|Any CPU
		{BB41CD50-FAB6-4395-A08D-E0E665759EA1}.Release|Any CPU.ActiveCfg = Release|Any CPU
		{BB41CD50-FAB6-4395-A08D-E0E665759EA1}.Release|Any CPU.Build.0 = Release|Any CPU
		{BB41CD50-FAB6-4395-A08D-E0E665759EA1}.Release|x64.ActiveCfg = Release|Any CPU
		{BB41CD50-FAB6-4395-A08D-E0E665759EA1}.Release|x64.Build.0 = Release|Any CPU
	EndGlobalSection
	GlobalSection(SolutionProperties) = preSolution
		HideSolutionNode = FALSE
	EndGlobalSection
	GlobalSection(ExtensibilityGlobals) = postSolution
		SolutionGuid = {8542FC6F-D0F6-4C41-8DCE-75475AC39326}
	EndGlobalSection
EndGlobal
